// !$*UTF8*$!
{
	archiveVersion = 1;
	classes = {
	};
	objectVersion = 56;
	objects = {

/* Begin PBXBuildFile section */
		0C3C94A32ADC59D100DB770C /* InfoView.swift in Sources */ = {isa = PBXBuildFile; fileRef = 0C3C94A22ADC59D100DB770C /* InfoView.swift */; };
		0C9FC6102AC35839002344F3 /* uppgift1aiApp.swift in Sources */ = {isa = PBXBuildFile; fileRef = 0C9FC60F2AC35839002344F3 /* uppgift1aiApp.swift */; };
		0C9FC6122AC35839002344F3 /* ContentView.swift in Sources */ = {isa = PBXBuildFile; fileRef = 0C9FC6112AC35839002344F3 /* ContentView.swift */; };
		0C9FC6142AC3583B002344F3 /* Assets.xcassets in Resources */ = {isa = PBXBuildFile; fileRef = 0C9FC6132AC3583B002344F3 /* Assets.xcassets */; };
		0C9FC6172AC3583B002344F3 /* Preview Assets.xcassets in Resources */ = {isa = PBXBuildFile; fileRef = 0C9FC6162AC3583B002344F3 /* Preview Assets.xcassets */; };
		0C9FC6212AC3583C002344F3 /* uppgift1aiTests.swift in Sources */ = {isa = PBXBuildFile; fileRef = 0C9FC6202AC3583C002344F3 /* uppgift1aiTests.swift */; };
		0C9FC62B2AC3583C002344F3 /* uppgift1aiUITests.swift in Sources */ = {isa = PBXBuildFile; fileRef = 0C9FC62A2AC3583C002344F3 /* uppgift1aiUITests.swift */; };
		0C9FC62D2AC3583C002344F3 /* uppgift1aiUITestsLaunchTests.swift in Sources */ = {isa = PBXBuildFile; fileRef = 0C9FC62C2AC3583C002344F3 /* uppgift1aiUITestsLaunchTests.swift */; };
		0CFFCF662ADFC97000DE8615 /* MobileNetV2.mlmodel in Sources */ = {isa = PBXBuildFile; fileRef = 0CFFCF652ADFC97000DE8615 /* MobileNetV2.mlmodel */; };
		0CFFCF682ADFD91600DE8615 /* ViewModel.swift in Sources */ = {isa = PBXBuildFile; fileRef = 0CFFCF672ADFD91600DE8615 /* ViewModel.swift */; };
/* End PBXBuildFile section */

/* Begin PBXContainerItemProxy section */
		0C9FC61D2AC3583C002344F3 /* PBXContainerItemProxy */ = {
			isa = PBXContainerItemProxy;
			containerPortal = 0C9FC6042AC35839002344F3 /* Project object */;
			proxyType = 1;
			remoteGlobalIDString = 0C9FC60B2AC35839002344F3;
			remoteInfo = uppgift1ai;
		};
		0C9FC6272AC3583C002344F3 /* PBXContainerItemProxy */ = {
			isa = PBXContainerItemProxy;
			containerPortal = 0C9FC6042AC35839002344F3 /* Project object */;
			proxyType = 1;
			remoteGlobalIDString = 0C9FC60B2AC35839002344F3;
			remoteInfo = uppgift1ai;
		};
/* End PBXContainerItemProxy section */

/* Begin PBXFileReference section */
		0C3C94A22ADC59D100DB770C /* InfoView.swift */ = {isa = PBXFileReference; lastKnownFileType = sourcecode.swift; path = InfoView.swift; sourceTree = "<group>"; };
		0C9FC60C2AC35839002344F3 /* uppgift1ai.app */ = {isa = PBXFileReference; explicitFileType = wrapper.application; includeInIndex = 0; path = uppgift1ai.app; sourceTree = BUILT_PRODUCTS_DIR; };
		0C9FC60F2AC35839002344F3 /* uppgift1aiApp.swift */ = {isa = PBXFileReference; lastKnownFileType = sourcecode.swift; path = uppgift1aiApp.swift; sourceTree = "<group>"; };
		0C9FC6112AC35839002344F3 /* ContentView.swift */ = {isa = PBXFileReference; lastKnownFileType = sourcecode.swift; path = ContentView.swift; sourceTree = "<group>"; };
		0C9FC6132AC3583B002344F3 /* Assets.xcassets */ = {isa = PBXFileReference; lastKnownFileType = folder.assetcatalog; path = Assets.xcassets; sourceTree = "<group>"; };
		0C9FC6162AC3583B002344F3 /* Preview Assets.xcassets */ = {isa = PBXFileReference; lastKnownFileType = folder.assetcatalog; path = "Preview Assets.xcassets"; sourceTree = "<group>"; };
		0C9FC61C2AC3583C002344F3 /* uppgift1aiTests.xctest */ = {isa = PBXFileReference; explicitFileType = wrapper.cfbundle; includeInIndex = 0; path = uppgift1aiTests.xctest; sourceTree = BUILT_PRODUCTS_DIR; };
		0C9FC6202AC3583C002344F3 /* uppgift1aiTests.swift */ = {isa = PBXFileReference; lastKnownFileType = sourcecode.swift; path = uppgift1aiTests.swift; sourceTree = "<group>"; };
		0C9FC6262AC3583C002344F3 /* uppgift1aiUITests.xctest */ = {isa = PBXFileReference; explicitFileType = wrapper.cfbundle; includeInIndex = 0; path = uppgift1aiUITests.xctest; sourceTree = BUILT_PRODUCTS_DIR; };
		0C9FC62A2AC3583C002344F3 /* uppgift1aiUITests.swift */ = {isa = PBXFileReference; lastKnownFileType = sourcecode.swift; path = uppgift1aiUITests.swift; sourceTree = "<group>"; };
		0C9FC62C2AC3583C002344F3 /* uppgift1aiUITestsLaunchTests.swift */ = {isa = PBXFileReference; lastKnownFileType = sourcecode.swift; path = uppgift1aiUITestsLaunchTests.swift; sourceTree = "<group>"; };
		0CFFCF652ADFC97000DE8615 /* MobileNetV2.mlmodel */ = {isa = PBXFileReference; lastKnownFileType = file.mlmodel; path = MobileNetV2.mlmodel; sourceTree = "<group>"; };
		0CFFCF672ADFD91600DE8615 /* ViewModel.swift */ = {isa = PBXFileReference; lastKnownFileType = sourcecode.swift; path = ViewModel.swift; sourceTree = "<group>"; };
/* End PBXFileReference section */

/* Begin PBXFrameworksBuildPhase section */
		0C9FC6092AC35839002344F3 /* Frameworks */ = {
			isa = PBXFrameworksBuildPhase;
			buildActionMask = 2147483647;
			files = (
			);
			runOnlyForDeploymentPostprocessing = 0;
		};
		0C9FC6192AC3583C002344F3 /* Frameworks */ = {
			isa = PBXFrameworksBuildPhase;
			buildActionMask = 2147483647;
			files = (
			);
			runOnlyForDeploymentPostprocessing = 0;
		};
		0C9FC6232AC3583C002344F3 /* Frameworks */ = {
			isa = PBXFrameworksBuildPhase;
			buildActionMask = 2147483647;
			files = (
			);
			runOnlyForDeploymentPostprocessing = 0;
		};
/* End PBXFrameworksBuildPhase section */

/* Begin PBXGroup section */
		0C9FC6032AC35839002344F3 = {
			isa = PBXGroup;
			children = (
				0C9FC60E2AC35839002344F3 /* uppgift1ai */,
				0C9FC61F2AC3583C002344F3 /* uppgift1aiTests */,
				0C9FC6292AC3583C002344F3 /* uppgift1aiUITests */,
				0C9FC60D2AC35839002344F3 /* Products */,
			);
			sourceTree = "<group>";
		};
		0C9FC60D2AC35839002344F3 /* Products */ = {
			isa = PBXGroup;
			children = (
				0C9FC60C2AC35839002344F3 /* uppgift1ai.app */,
				0C9FC61C2AC3583C002344F3 /* uppgift1aiTests.xctest */,
				0C9FC6262AC3583C002344F3 /* uppgift1aiUITests.xctest */,
			);
			name = Products;
			sourceTree = "<group>";
		};
		0C9FC60E2AC35839002344F3 /* uppgift1ai */ = {
			isa = PBXGroup;
			children = (
				0C9FC60F2AC35839002344F3 /* uppgift1aiApp.swift */,
				0C9FC6112AC35839002344F3 /* ContentView.swift */,
				0CFFCF672ADFD91600DE8615 /* ViewModel.swift */,
				0CFFCF642ADFC92B00DE8615 /* MlCore */,
				0C3C94A22ADC59D100DB770C /* InfoView.swift */,
				0C9FC6132AC3583B002344F3 /* Assets.xcassets */,
				0C9FC6152AC3583B002344F3 /* Preview Content */,
			);
			path = uppgift1ai;
			sourceTree = "<group>";
		};
		0C9FC6152AC3583B002344F3 /* Preview Content */ = {
			isa = PBXGroup;
			children = (
				0C9FC6162AC3583B002344F3 /* Preview Assets.xcassets */,
			);
			path = "Preview Content";
			sourceTree = "<group>";
		};
		0C9FC61F2AC3583C002344F3 /* uppgift1aiTests */ = {
			isa = PBXGroup;
			children = (
				0C9FC6202AC3583C002344F3 /* uppgift1aiTests.swift */,
			);
			path = uppgift1aiTests;
			sourceTree = "<group>";
		};
		0C9FC6292AC3583C002344F3 /* uppgift1aiUITests */ = {
			isa = PBXGroup;
			children = (
				0C9FC62A2AC3583C002344F3 /* uppgift1aiUITests.swift */,
				0C9FC62C2AC3583C002344F3 /* uppgift1aiUITestsLaunchTests.swift */,
			);
			path = uppgift1aiUITests;
			sourceTree = "<group>";
		};
		0CFFCF642ADFC92B00DE8615 /* MlCore */ = {
			isa = PBXGroup;
			children = (
				0CFFCF652ADFC97000DE8615 /* MobileNetV2.mlmodel */,
			);
			path = MlCore;
			sourceTree = "<group>";
		};
/* End PBXGroup section */

/* Begin PBXNativeTarget section */
		0C9FC60B2AC35839002344F3 /* uppgift1ai */ = {
			isa = PBXNativeTarget;
			buildConfigurationList = 0C9FC6302AC3583C002344F3 /* Build configuration list for PBXNativeTarget "uppgift1ai" */;
			buildPhases = (
				0C9FC6082AC35839002344F3 /* Sources */,
				0C9FC6092AC35839002344F3 /* Frameworks */,
				0C9FC60A2AC35839002344F3 /* Resources */,
			);
			buildRules = (
			);
			dependencies = (
			);
			name = uppgift1ai;
			productName = uppgift1ai;
			productReference = 0C9FC60C2AC35839002344F3 /* uppgift1ai.app */;
			productType = "com.apple.product-type.application";
		};
		0C9FC61B2AC3583C002344F3 /* uppgift1aiTests */ = {
			isa = PBXNativeTarget;
			buildConfigurationList = 0C9FC6332AC3583C002344F3 /* Build configuration list for PBXNativeTarget "uppgift1aiTests" */;
			buildPhases = (
				0C9FC6182AC3583C002344F3 /* Sources */,
				0C9FC6192AC3583C002344F3 /* Frameworks */,
				0C9FC61A2AC3583C002344F3 /* Resources */,
			);
			buildRules = (
			);
			dependencies = (
				0C9FC61E2AC3583C002344F3 /* PBXTargetDependency */,
			);
			name = uppgift1aiTests;
			productName = uppgift1aiTests;
			productReference = 0C9FC61C2AC3583C002344F3 /* uppgift1aiTests.xctest */;
			productType = "com.apple.product-type.bundle.unit-test";
		};
		0C9FC6252AC3583C002344F3 /* uppgift1aiUITests */ = {
			isa = PBXNativeTarget;
			buildConfigurationList = 0C9FC6362AC3583C002344F3 /* Build configuration list for PBXNativeTarget "uppgift1aiUITests" */;
			buildPhases = (
				0C9FC6222AC3583C002344F3 /* Sources */,
				0C9FC6232AC3583C002344F3 /* Frameworks */,
				0C9FC6242AC3583C002344F3 /* Resources */,
			);
			buildRules = (
			);
			dependencies = (
				0C9FC6282AC3583C002344F3 /* PBXTargetDependency */,
			);
			name = uppgift1aiUITests;
			productName = uppgift1aiUITests;
			productReference = 0C9FC6262AC3583C002344F3 /* uppgift1aiUITests.xctest */;
			productType = "com.apple.product-type.bundle.ui-testing";
		};
/* End PBXNativeTarget section */

/* Begin PBXProject section */
		0C9FC6042AC35839002344F3 /* Project object */ = {
			isa = PBXProject;
			attributes = {
				BuildIndependentTargetsInParallel = 1;
				LastSwiftUpdateCheck = 1430;
				LastUpgradeCheck = 1500;
				TargetAttributes = {
					0C9FC60B2AC35839002344F3 = {
						CreatedOnToolsVersion = 14.3;
					};
					0C9FC61B2AC3583C002344F3 = {
						CreatedOnToolsVersion = 14.3;
						TestTargetID = 0C9FC60B2AC35839002344F3;
					};
					0C9FC6252AC3583C002344F3 = {
						CreatedOnToolsVersion = 14.3;
						TestTargetID = 0C9FC60B2AC35839002344F3;
					};
				};
			};
			buildConfigurationList = 0C9FC6072AC35839002344F3 /* Build configuration list for PBXProject "uppgift1ai" */;
			compatibilityVersion = "Xcode 14.0";
			developmentRegion = en;
			hasScannedForEncodings = 0;
			knownRegions = (
				en,
				Base,
			);
			mainGroup = 0C9FC6032AC35839002344F3;
			productRefGroup = 0C9FC60D2AC35839002344F3 /* Products */;
			projectDirPath = "";
			projectRoot = "";
			targets = (
				0C9FC60B2AC35839002344F3 /* uppgift1ai */,
				0C9FC61B2AC3583C002344F3 /* uppgift1aiTests */,
				0C9FC6252AC3583C002344F3 /* uppgift1aiUITests */,
			);
		};
/* End PBXProject section */

/* Begin PBXResourcesBuildPhase section */
		0C9FC60A2AC35839002344F3 /* Resources */ = {
			isa = PBXResourcesBuildPhase;
			buildActionMask = 2147483647;
			files = (
				0C9FC6172AC3583B002344F3 /* Preview Assets.xcassets in Resources */,
				0C9FC6142AC3583B002344F3 /* Assets.xcassets in Resources */,
			);
			runOnlyForDeploymentPostprocessing = 0;
		};
		0C9FC61A2AC3583C002344F3 /* Resources */ = {
			isa = PBXResourcesBuildPhase;
			buildActionMask = 2147483647;
			files = (
			);
			runOnlyForDeploymentPostprocessing = 0;
		};
		0C9FC6242AC3583C002344F3 /* Resources */ = {
			isa = PBXResourcesBuildPhase;
			buildActionMask = 2147483647;
			files = (
			);
			runOnlyForDeploymentPostprocessing = 0;
		};
/* End PBXResourcesBuildPhase section */

/* Begin PBXSourcesBuildPhase section */
		0C9FC6082AC35839002344F3 /* Sources */ = {
			isa = PBXSourcesBuildPhase;
			buildActionMask = 2147483647;
			files = (
				0CFFCF682ADFD91600DE8615 /* ViewModel.swift in Sources */,
				0C9FC6122AC35839002344F3 /* ContentView.swift in Sources */,
				0C3C94A32ADC59D100DB770C /* InfoView.swift in Sources */,
				0CFFCF662ADFC97000DE8615 /* MobileNetV2.mlmodel in Sources */,
				0C9FC6102AC35839002344F3 /* uppgift1aiApp.swift in Sources */,
			);
			runOnlyForDeploymentPostprocessing = 0;
		};
		0C9FC6182AC3583C002344F3 /* Sources */ = {
			isa = PBXSourcesBuildPhase;
			buildActionMask = 2147483647;
			files = (
				0C9FC6212AC3583C002344F3 /* uppgift1aiTests.swift in Sources */,
			);
			runOnlyForDeploymentPostprocessing = 0;
		};
		0C9FC6222AC3583C002344F3 /* Sources */ = {
			isa = PBXSourcesBuildPhase;
			buildActionMask = 2147483647;
			files = (
				0C9FC62D2AC3583C002344F3 /* uppgift1aiUITestsLaunchTests.swift in Sources */,
				0C9FC62B2AC3583C002344F3 /* uppgift1aiUITests.swift in Sources */,
			);
			runOnlyForDeploymentPostprocessing = 0;
		};
/* End PBXSourcesBuildPhase section */

/* Begin PBXTargetDependency section */
		0C9FC61E2AC3583C002344F3 /* PBXTargetDependency */ = {
			isa = PBXTargetDependency;
			target = 0C9FC60B2AC35839002344F3 /* uppgift1ai */;
			targetProxy = 0C9FC61D2AC3583C002344F3 /* PBXContainerItemProxy */;
		};
		0C9FC6282AC3583C002344F3 /* PBXTargetDependency */ = {
			isa = PBXTargetDependency;
			target = 0C9FC60B2AC35839002344F3 /* uppgift1ai */;
			targetProxy = 0C9FC6272AC3583C002344F3 /* PBXContainerItemProxy */;
		};
/* End PBXTargetDependency section */

/* Begin XCBuildConfiguration section */
		0C9FC62E2AC3583C002344F3 /* Debug */ = {
			isa = XCBuildConfiguration;
			buildSettings = {
				ALWAYS_SEARCH_USER_PATHS = NO;
				CLANG_ANALYZER_NONNULL = YES;
				CLANG_ANALYZER_NUMBER_OBJECT_CONVERSION = YES_AGGRESSIVE;
				CLANG_CXX_LANGUAGE_STANDARD = "gnu++20";
				CLANG_ENABLE_MODULES = YES;
				CLANG_ENABLE_OBJC_ARC = YES;
				CLANG_ENABLE_OBJC_WEAK = YES;
				CLANG_WARN_BLOCK_CAPTURE_AUTORELEASING = YES;
				CLANG_WARN_BOOL_CONVERSION = YES;
				CLANG_WARN_COMMA = YES;
				CLANG_WARN_CONSTANT_CONVERSION = YES;
				CLANG_WARN_DEPRECATED_OBJC_IMPLEMENTATIONS = YES;
				CLANG_WARN_DIRECT_OBJC_ISA_USAGE = YES_ERROR;
				CLANG_WARN_DOCUMENTATION_COMMENTS = YES;
				CLANG_WARN_EMPTY_BODY = YES;
				CLANG_WARN_ENUM_CONVERSION = YES;
				CLANG_WARN_INFINITE_RECURSION = YES;
				CLANG_WARN_INT_CONVERSION = YES;
				CLANG_WARN_NON_LITERAL_NULL_CONVERSION = YES;
				CLANG_WARN_OBJC_IMPLICIT_RETAIN_SELF = YES;
				CLANG_WARN_OBJC_LITERAL_CONVERSION = YES;
				CLANG_WARN_OBJC_ROOT_CLASS = YES_ERROR;
				CLANG_WARN_QUOTED_INCLUDE_IN_FRAMEWORK_HEADER = YES;
				CLANG_WARN_RANGE_LOOP_ANALYSIS = YES;
				CLANG_WARN_STRICT_PROTOTYPES = YES;
				CLANG_WARN_SUSPICIOUS_MOVE = YES;
				CLANG_WARN_UNGUARDED_AVAILABILITY = YES_AGGRESSIVE;
				CLANG_WARN_UNREACHABLE_CODE = YES;
				CLANG_WARN__DUPLICATE_METHOD_MATCH = YES;
				COPY_PHASE_STRIP = NO;
				DEBUG_INFORMATION_FORMAT = dwarf;
				ENABLE_STRICT_OBJC_MSGSEND = YES;
				ENABLE_TESTABILITY = YES;
				ENABLE_USER_SCRIPT_SANDBOXING = YES;
				GCC_C_LANGUAGE_STANDARD = gnu11;
				GCC_DYNAMIC_NO_PIC = NO;
				GCC_NO_COMMON_BLOCKS = YES;
				GCC_OPTIMIZATION_LEVEL = 0;
				GCC_PREPROCESSOR_DEFINITIONS = (
					"DEBUG=1",
					"$(inherited)",
				);
				GCC_WARN_64_TO_32_BIT_CONVERSION = YES;
				GCC_WARN_ABOUT_RETURN_TYPE = YES_ERROR;
				GCC_WARN_UNDECLARED_SELECTOR = YES;
				GCC_WARN_UNINITIALIZED_AUTOS = YES_AGGRESSIVE;
				GCC_WARN_UNUSED_FUNCTION = YES;
				GCC_WARN_UNUSED_VARIABLE = YES;
				IPHONEOS_DEPLOYMENT_TARGET = 16.4;
				MTL_ENABLE_DEBUG_INFO = INCLUDE_SOURCE;
				MTL_FAST_MATH = YES;
				ONLY_ACTIVE_ARCH = YES;
				SDKROOT = iphoneos;
				SWIFT_ACTIVE_COMPILATION_CONDITIONS = DEBUG;
				SWIFT_OPTIMIZATION_LEVEL = "-Onone";
			};
			name = Debug;
		};
		0C9FC62F2AC3583C002344F3 /* Release */ = {
			isa = XCBuildConfiguration;
			buildSettings = {
				ALWAYS_SEARCH_USER_PATHS = NO;
				CLANG_ANALYZER_NONNULL = YES;
				CLANG_ANALYZER_NUMBER_OBJECT_CONVERSION = YES_AGGRESSIVE;
				CLANG_CXX_LANGUAGE_STANDARD = "gnu++20";
				CLANG_ENABLE_MODULES = YES;
				CLANG_ENABLE_OBJC_ARC = YES;
				CLANG_ENABLE_OBJC_WEAK = YES;
				CLANG_WARN_BLOCK_CAPTURE_AUTORELEASING = YES;
				CLANG_WARN_BOOL_CONVERSION = YES;
				CLANG_WARN_COMMA = YES;
				CLANG_WARN_CONSTANT_CONVERSION = YES;
				CLANG_WARN_DEPRECATED_OBJC_IMPLEMENTATIONS = YES;
				CLANG_WARN_DIRECT_OBJC_ISA_USAGE = YES_ERROR;
				CLANG_WARN_DOCUMENTATION_COMMENTS = YES;
				CLANG_WARN_EMPTY_BODY = YES;
				CLANG_WARN_ENUM_CONVERSION = YES;
				CLANG_WARN_INFINITE_RECURSION = YES;
				CLANG_WARN_INT_CONVERSION = YES;
				CLANG_WARN_NON_LITERAL_NULL_CONVERSION = YES;
				CLANG_WARN_OBJC_IMPLICIT_RETAIN_SELF = YES;
				CLANG_WARN_OBJC_LITERAL_CONVERSION = YES;
				CLANG_WARN_OBJC_ROOT_CLASS = YES_ERROR;
				CLANG_WARN_QUOTED_INCLUDE_IN_FRAMEWORK_HEADER = YES;
				CLANG_WARN_RANGE_LOOP_ANALYSIS = YES;
				CLANG_WARN_STRICT_PROTOTYPES = YES;
				CLANG_WARN_SUSPICIOUS_MOVE = YES;
				CLANG_WARN_UNGUARDED_AVAILABILITY = YES_AGGRESSIVE;
				CLANG_WARN_UNREACHABLE_CODE = YES;
				CLANG_WARN__DUPLICATE_METHOD_MATCH = YES;
				COPY_PHASE_STRIP = NO;
				DEBUG_INFORMATION_FORMAT = "dwarf-with-dsym";
				ENABLE_NS_ASSERTIONS = NO;
				ENABLE_STRICT_OBJC_MSGSEND = YES;
				ENABLE_USER_SCRIPT_SANDBOXING = YES;
				GCC_C_LANGUAGE_STANDARD = gnu11;
				GCC_NO_COMMON_BLOCKS = YES;
				GCC_WARN_64_TO_32_BIT_CONVERSION = YES;
				GCC_WARN_ABOUT_RETURN_TYPE = YES_ERROR;
				GCC_WARN_UNDECLARED_SELECTOR = YES;
				GCC_WARN_UNINITIALIZED_AUTOS = YES_AGGRESSIVE;
				GCC_WARN_UNUSED_FUNCTION = YES;
				GCC_WARN_UNUSED_VARIABLE = YES;
				IPHONEOS_DEPLOYMENT_TARGET = 16.4;
				MTL_ENABLE_DEBUG_INFO = NO;
				MTL_FAST_MATH = YES;
				SDKROOT = iphoneos;
				SWIFT_COMPILATION_MODE = wholemodule;
				SWIFT_OPTIMIZATION_LEVEL = "-O";
				VALIDATE_PRODUCT = YES;
			};
			name = Release;
		};
		0C9FC6312AC3583C002344F3 /* Debug */ = {
			isa = XCBuildConfiguration;
			buildSettings = {
				ASSETCATALOG_COMPILER_APPICON_NAME = AppIcon;
				ASSETCATALOG_COMPILER_GLOBAL_ACCENT_COLOR_NAME = AccentColor;
				CODE_SIGN_STYLE = Automatic;
				CURRENT_PROJECT_VERSION = 1;
				DEVELOPMENT_ASSET_PATHS = "\"uppgift1ai/Preview Content\"";
				DEVELOPMENT_TEAM = 83R277QHF6;
				ENABLE_PREVIEWS = YES;
				GENERATE_INFOPLIST_FILE = YES;
				INFOPLIST_KEY_UIApplicationSceneManifest_Generation = YES;
				INFOPLIST_KEY_UIApplicationSupportsIndirectInputEvents = YES;
				INFOPLIST_KEY_UILaunchScreen_Generation = YES;
				INFOPLIST_KEY_UISupportedInterfaceOrientations_iPad = "UIInterfaceOrientationPortrait UIInterfaceOrientationPortraitUpsideDown UIInterfaceOrientationLandscapeLeft UIInterfaceOrientationLandscapeRight";
				INFOPLIST_KEY_UISupportedInterfaceOrientations_iPhone = "UIInterfaceOrientationPortrait UIInterfaceOrientationLandscapeLeft UIInterfaceOrientationLandscapeRight";
				LD_RUNPATH_SEARCH_PATHS = (
					"$(inherited)",
					"@executable_path/Frameworks",
				);
				MARKETING_VERSION = 1.0;
				PRODUCT_BUNDLE_IDENTIFIER = se.HestigaAgora.uppgift1ai;
				PRODUCT_NAME = "$(TARGET_NAME)";
				SWIFT_EMIT_LOC_STRINGS = YES;
				SWIFT_VERSION = 5.0;
				TARGETED_DEVICE_FAMILY = "1,2";
			};
			name = Debug;
		};
		0C9FC6322AC3583C002344F3 /* Release */ = {
			isa = XCBuildConfiguration;
			buildSettings = {
				ASSETCATALOG_COMPILER_APPICON_NAME = AppIcon;
				ASSETCATALOG_COMPILER_GLOBAL_ACCENT_COLOR_NAME = AccentColor;
				CODE_SIGN_STYLE = Automatic;
				CURRENT_PROJECT_VERSION = 1;
				DEVELOPMENT_ASSET_PATHS = "\"uppgift1ai/Preview Content\"";
				DEVELOPMENT_TEAM = 83R277QHF6;
				ENABLE_PREVIEWS = YES;
				GENERATE_INFOPLIST_FILE = YES;
				INFOPLIST_KEY_UIApplicationSceneManifest_Generation = YES;
				INFOPLIST_KEY_UIApplicationSupportsIndirectInputEvents = YES;
				INFOPLIST_KEY_UILaunchScreen_Generation = YES;
				INFOPLIST_KEY_UISupportedInterfaceOrientations_iPad = "UIInterfaceOrientationPortrait UIInterfaceOrientationPortraitUpsideDown UIInterfaceOrientationLandscapeLeft UIInterfaceOrientationLandscapeRight";
				INFOPLIST_KEY_UISupportedInterfaceOrientations_iPhone = "UIInterfaceOrientationPortrait UIInterfaceOrientationLandscapeLeft UIInterfaceOrientationLandscapeRight";
				LD_RUNPATH_SEARCH_PATHS = (
					"$(inherited)",
					"@executable_path/Frameworks",
				);
				MARKETING_VERSION = 1.0;
				PRODUCT_BUNDLE_IDENTIFIER = se.HestigaAgora.uppgift1ai;
				PRODUCT_NAME = "$(TARGET_NAME)";
				SWIFT_EMIT_LOC_STRINGS = YES;
				SWIFT_VERSION = 5.0;
				TARGETED_DEVICE_FAMILY = "1,2";
			};
			name = Release;
		};
		0C9FC6342AC3583C002344F3 /* Debug */ = {
			isa = XCBuildConfiguration;
			buildSettings = {
				ALWAYS_EMBED_SWIFT_STANDARD_LIBRARIES = YES;
				BUNDLE_LOADER = "$(TEST_HOST)";
				CODE_SIGN_STYLE = Automatic;
				CURRENT_PROJECT_VERSION = 1;
				DEVELOPMENT_TEAM = 83R277QHF6;
				GENERATE_INFOPLIST_FILE = YES;
				IPHONEOS_DEPLOYMENT_TARGET = 16.4;
				MARKETING_VERSION = 1.0;
				PRODUCT_BUNDLE_IDENTIFIER = se.HestigaAgora.uppgift1aiTests;
				PRODUCT_NAME = "$(TARGET_NAME)";
				SWIFT_EMIT_LOC_STRINGS = NO;
				SWIFT_VERSION = 5.0;
				TARGETED_DEVICE_FAMILY = "1,2";
				TEST_HOST = "$(BUILT_PRODUCTS_DIR)/uppgift1ai.app/$(BUNDLE_EXECUTABLE_FOLDER_PATH)/uppgift1ai";
			};
			name = Debug;
		};
		0C9FC6352AC3583C002344F3 /* Release */ = {
			isa = XCBuildConfiguration;
			buildSettings = {
				ALWAYS_EMBED_SWIFT_STANDARD_LIBRARIES = YES;
				BUNDLE_LOADER = "$(TEST_HOST)";
				CODE_SIGN_STYLE = Automatic;
				CURRENT_PROJECT_VERSION = 1;
				DEVELOPMENT_TEAM = 83R277QHF6;
				GENERATE_INFOPLIST_FILE = YES;
				IPHONEOS_DEPLOYMENT_TARGET = 16.4;
				MARKETING_VERSION = 1.0;
				PRODUCT_BUNDLE_IDENTIFIER = se.HestigaAgora.uppgift1aiTests;
				PRODUCT_NAME = "$(TARGET_NAME)";
				SWIFT_EMIT_LOC_STRINGS = NO;
				SWIFT_VERSION = 5.0;
				TARGETED_DEVICE_FAMILY = "1,2";
				TEST_HOST = "$(BUILT_PRODUCTS_DIR)/uppgift1ai.app/$(BUNDLE_EXECUTABLE_FOLDER_PATH)/uppgift1ai";
			};
			name = Release;
		};
		0C9FC6372AC3583C002344F3 /* Debug */ = {
			isa = XCBuildConfiguration;
			buildSettings = {
				ALWAYS_EMBED_SWIFT_STANDARD_LIBRARIES = YES;
				CODE_SIGN_STYLE = Automatic;
				CURRENT_PROJECT_VERSION = 1;
				DEVELOPMENT_TEAM = 83R277QHF6;
				GENERATE_INFOPLIST_FILE = YES;
				MARKETING_VERSION = 1.0;
				PRODUCT_BUNDLE_IDENTIFIER = se.HestigaAgora.uppgift1aiUITests;
				PRODUCT_NAME = "$(TARGET_NAME)";
				SWIFT_EMIT_LOC_STRINGS = NO;
				SWIFT_VERSION = 5.0;
				TARGETED_DEVICE_FAMILY = "1,2";
				TEST_TARGET_NAME = uppgift1ai;
			};
			name = Debug;
		};
		0C9FC6382AC3583C002344F3 /* Release */ = {
			isa = XCBuildConfiguration;
			buildSettings = {
				ALWAYS_EMBED_SWIFT_STANDARD_LIBRARIES = YES;
				CODE_SIGN_STYLE = Automatic;
				CURRENT_PROJECT_VERSION = 1;
				DEVELOPMENT_TEAM = 83R277QHF6;
				GENERATE_INFOPLIST_FILE = YES;
				MARKETING_VERSION = 1.0;
				PRODUCT_BUNDLE_IDENTIFIER = se.HestigaAgora.uppgift1aiUITests;
				PRODUCT_NAME = "$(TARGET_NAME)";
				SWIFT_EMIT_LOC_STRINGS = NO;
				SWIFT_VERSION = 5.0;
				TARGETED_DEVICE_FAMILY = "1,2";
				TEST_TARGET_NAME = uppgift1ai;
			};
			name = Release;
		};
/* End XCBuildConfiguration section */

/* Begin XCConfigurationList section */
		0C9FC6072AC35839002344F3 /* Build configuration list for PBXProject "uppgift1ai" */ = {
			isa = XCConfigurationList;
			buildConfigurations = (
				0C9FC62E2AC3583C002344F3 /* Debug */,
				0C9FC62F2AC3583C002344F3 /* Release */,
			);
			defaultConfigurationIsVisible = 0;
			defaultConfigurationName = Release;
		};
		0C9FC6302AC3583C002344F3 /* Build configuration list for PBXNativeTarget "uppgift1ai" */ = {
			isa = XCConfigurationList;
			buildConfigurations = (
				0C9FC6312AC3583C002344F3 /* Debug */,
				0C9FC6322AC3583C002344F3 /* Release */,
			);
			defaultConfigurationIsVisible = 0;
			defaultConfigurationName = Release;
		};
		0C9FC6332AC3583C002344F3 /* Build configuration list for PBXNativeTarget "uppgift1aiTests" */ = {
			isa = XCConfigurationList;
			buildConfigurations = (
				0C9FC6342AC3583C002344F3 /* Debug */,
				0C9FC6352AC3583C002344F3 /* Release */,
			);
			defaultConfigurationIsVisible = 0;
			defaultConfigurationName = Release;
		};
		0C9FC6362AC3583C002344F3 /* Build configuration list for PBXNativeTarget "uppgift1aiUITests" */ = {
			isa = XCConfigurationList;
			buildConfigurations = (
				0C9FC6372AC3583C002344F3 /* Debug */,
				0C9FC6382AC3583C002344F3 /* Release */,
			);
			defaultConfigurationIsVisible = 0;
			defaultConfigurationName = Release;
		};
/* End XCConfigurationList section */
	};
	rootObject = 0C9FC6042AC35839002344F3 /* Project object */;
}
